
Microsoft Visual Studio Solution File, Format Version 12.00
# Visual Studio Version 17
VisualStudioVersion = 17.10.35013.160
MinimumVisualStudioVersion = 10.0.40219.1
Project("{FAE04EC0-301F-11D3-BF4B-00C04F79EFBC}") = "SortingAlgo", "SortingAlgo.csproj", "{0CA616BC-AB70-4180-B454-8865409CDA62}"
EndProject
Global
	GlobalSection(SolutionConfigurationPlatforms) = preSolution
		Debug|Any CPU = Debug|Any CPU
		Release|Any CPU = Release|Any CPU
	EndGlobalSection
	GlobalSection(ProjectConfigurationPlatforms) = postSolution
		{0CA616BC-AB70-4180-B454-8865409CDA62}.Debug|Any CPU.ActiveCfg = Debug|Any CPU
		{0CA616BC-AB70-4180-B454-8865409CDA62}.Debug|Any CPU.Build.0 = Debug|Any CPU
		{0CA616BC-AB70-4180-B454-8865409CDA62}.Release|Any CPU.ActiveCfg = Release|Any CPU
		{0CA616BC-AB70-4180-B454-8865409CDA62}.Release|Any CPU.Build.0 = Release|Any CPU
	EndGlobalSection
	GlobalSection(SolutionProperties) = preSolution
		HideSolutionNode = FALSE
	EndGlobalSection
	GlobalSection(ExtensibilityGlobals) = postSolution
		SolutionGuid = {FA276DA1-B97B-467A-9DAA-E81D5C84D5AF}
	EndGlobalSection
EndGlobal
